// !$*UTF8*$!
{
	archiveVersion = 1;
	classes = {
	};
	objectVersion = 46;
	objects = {

/* Begin PBXBuildFile section */
		FD50F52C196DA6E80028B5A1 /* AppDelegate.swift in Sources */ = {isa = PBXBuildFile; fileRef = FD50F52B196DA6E80028B5A1 /* AppDelegate.swift */; };
		FD50F52E196DA6E80028B5A1 /* ViewController.swift in Sources */ = {isa = PBXBuildFile; fileRef = FD50F52D196DA6E80028B5A1 /* ViewController.swift */; };
		FD50F531196DA6E80028B5A1 /* Main.storyboard in Resources */ = {isa = PBXBuildFile; fileRef = FD50F52F196DA6E80028B5A1 /* Main.storyboard */; };
		FD50F533196DA6E80028B5A1 /* Images.xcassets in Resources */ = {isa = PBXBuildFile; fileRef = FD50F532196DA6E80028B5A1 /* Images.xcassets */; };
		FD50F53F196DA6E80028B5A1 /* TAPTests.swift in Sources */ = {isa = PBXBuildFile; fileRef = FD50F53E196DA6E80028B5A1 /* TAPTests.swift */; };
		FD50F54A196DABD10028B5A1 /* TipCalculatorModel.swift in Sources */ = {isa = PBXBuildFile; fileRef = FD50F549196DABD10028B5A1 /* TipCalculatorModel.swift */; };
/* End PBXBuildFile section */

/* Begin PBXContainerItemProxy section */
		FD50F539196DA6E80028B5A1 /* PBXContainerItemProxy */ = {
			isa = PBXContainerItemProxy;
			containerPortal = FD50F51E196DA6E80028B5A1 /* Project object */;
			proxyType = 1;
			remoteGlobalIDString = FD50F525196DA6E80028B5A1;
			remoteInfo = TAP;
		};
/* End PBXContainerItemProxy section */

/* Begin PBXFileReference section */
		FD50F526196DA6E80028B5A1 /* TAP.app */ = {isa = PBXFileReference; explicitFileType = wrapper.application; includeInIndex = 0; path = TAP.app; sourceTree = BUILT_PRODUCTS_DIR; };
		FD50F52A196DA6E80028B5A1 /* Info.plist */ = {isa = PBXFileReference; lastKnownFileType = text.plist.xml; path = Info.plist; sourceTree = "<group>"; };
		FD50F52B196DA6E80028B5A1 /* AppDelegate.swift */ = {isa = PBXFileReference; lastKnownFileType = sourcecode.swift; path = AppDelegate.swift; sourceTree = "<group>"; };
		FD50F52D196DA6E80028B5A1 /* ViewController.swift */ = {isa = PBXFileReference; lastKnownFileType = sourcecode.swift; path = ViewController.swift; sourceTree = "<group>"; };
		FD50F530196DA6E80028B5A1 /* Base */ = {isa = PBXFileReference; lastKnownFileType = file.storyboard; name = Base; path = Base.lproj/Main.storyboard; sourceTree = "<group>"; };
		FD50F532196DA6E80028B5A1 /* Images.xcassets */ = {isa = PBXFileReference; lastKnownFileType = folder.assetcatalog; path = Images.xcassets; sourceTree = "<group>"; };
		FD50F538196DA6E80028B5A1 /* TAPTests.xctest */ = {isa = PBXFileReference; explicitFileType = wrapper.cfbundle; includeInIndex = 0; path = TAPTests.xctest; sourceTree = BUILT_PRODUCTS_DIR; };
		FD50F53D196DA6E80028B5A1 /* Info.plist */ = {isa = PBXFileReference; lastKnownFileType = text.plist.xml; path = Info.plist; sourceTree = "<group>"; };
		FD50F53E196DA6E80028B5A1 /* TAPTests.swift */ = {isa = PBXFileReference; lastKnownFileType = sourcecode.swift; path = TAPTests.swift; sourceTree = "<group>"; };
		FD50F548196DA7C80028B5A1 /* SwiftTutorial.playground */ = {isa = PBXFileReference; lastKnownFileType = file.playground; name = SwiftTutorial.playground; path = ../SwiftTutorial.playground; sourceTree = "<group>"; };
		FD50F549196DABD10028B5A1 /* TipCalculatorModel.swift */ = {isa = PBXFileReference; fileEncoding = 4; lastKnownFileType = sourcecode.swift; path = TipCalculatorModel.swift; sourceTree = "<group>"; };
/* End PBXFileReference section */

/* Begin PBXFrameworksBuildPhase section */
		FD50F523196DA6E80028B5A1 /* Frameworks */ = {
			isa = PBXFrameworksBuildPhase;
			buildActionMask = 2147483647;
			files = (
			);
			runOnlyForDeploymentPostprocessing = 0;
		};
		FD50F535196DA6E80028B5A1 /* Frameworks */ = {
			isa = PBXFrameworksBuildPhase;
			buildActionMask = 2147483647;
			files = (
			);
			runOnlyForDeploymentPostprocessing = 0;
		};
/* End PBXFrameworksBuildPhase section */

/* Begin PBXGroup section */
		FD50F51D196DA6E80028B5A1 = {
			isa = PBXGroup;
			children = (
				FD50F548196DA7C80028B5A1 /* SwiftTutorial.playground */,
				FD50F528196DA6E80028B5A1 /* TAP */,
				FD50F53B196DA6E80028B5A1 /* TAPTests */,
				FD50F527196DA6E80028B5A1 /* Products */,
			);
			sourceTree = "<group>";
		};
		FD50F527196DA6E80028B5A1 /* Products */ = {
			isa = PBXGroup;
			children = (
				FD50F526196DA6E80028B5A1 /* TAP.app */,
				FD50F538196DA6E80028B5A1 /* TAPTests.xctest */,
			);
			name = Products;
			sourceTree = "<group>";
		};
		FD50F528196DA6E80028B5A1 /* TAP */ = {
			isa = PBXGroup;
			children = (
				FD50F52B196DA6E80028B5A1 /* AppDelegate.swift */,
				FD50F52D196DA6E80028B5A1 /* ViewController.swift */,
				FD50F52F196DA6E80028B5A1 /* Main.storyboard */,
				FD50F532196DA6E80028B5A1 /* Images.xcassets */,
				FD50F529196DA6E80028B5A1 /* Supporting Files */,
				FD50F549196DABD10028B5A1 /* TipCalculatorModel.swift */,
			);
			path = TAP;
			sourceTree = "<group>";
		};
		FD50F529196DA6E80028B5A1 /* Supporting Files */ = {
			isa = PBXGroup;
			children = (
				FD50F52A196DA6E80028B5A1 /* Info.plist */,
			);
			name = "Supporting Files";
			sourceTree = "<group>";
		};
		FD50F53B196DA6E80028B5A1 /* TAPTests */ = {
			isa = PBXGroup;
			children = (
				FD50F53E196DA6E80028B5A1 /* TAPTests.swift */,
				FD50F53C196DA6E80028B5A1 /* Supporting Files */,
			);
			path = TAPTests;
			sourceTree = "<group>";
		};
		FD50F53C196DA6E80028B5A1 /* Supporting Files */ = {
			isa = PBXGroup;
			children = (
				FD50F53D196DA6E80028B5A1 /* Info.plist */,
			);
			name = "Supporting Files";
			sourceTree = "<group>";
		};
/* End PBXGroup section */

/* Begin PBXNativeTarget section */
		FD50F525196DA6E80028B5A1 /* TAP */ = {
			isa = PBXNativeTarget;
			buildConfigurationList = FD50F542196DA6E80028B5A1 /* Build configuration list for PBXNativeTarget "TAP" */;
			buildPhases = (
				FD50F522196DA6E80028B5A1 /* Sources */,
				FD50F523196DA6E80028B5A1 /* Frameworks */,
				FD50F524196DA6E80028B5A1 /* Resources */,
			);
			buildRules = (
			);
			dependencies = (
			);
			name = TAP;
			productName = TAP;
			productReference = FD50F526196DA6E80028B5A1 /* TAP.app */;
			productType = "com.apple.product-type.application";
		};
		FD50F537196DA6E80028B5A1 /* TAPTests */ = {
			isa = PBXNativeTarget;
			buildConfigurationList = FD50F545196DA6E80028B5A1 /* Build configuration list for PBXNativeTarget "TAPTests" */;
			buildPhases = (
				FD50F534196DA6E80028B5A1 /* Sources */,
				FD50F535196DA6E80028B5A1 /* Frameworks */,
				FD50F536196DA6E80028B5A1 /* Resources */,
			);
			buildRules = (
			);
			dependencies = (
				FD50F53A196DA6E80028B5A1 /* PBXTargetDependency */,
			);
			name = TAPTests;
			productName = TAPTests;
			productReference = FD50F538196DA6E80028B5A1 /* TAPTests.xctest */;
			productType = "com.apple.product-type.bundle.unit-test";
		};
/* End PBXNativeTarget section */

/* Begin PBXProject section */
		FD50F51E196DA6E80028B5A1 /* Project object */ = {
			isa = PBXProject;
			attributes = {
				LastUpgradeCheck = 0600;
				ORGANIZATIONNAME = "Amherst College";
				TargetAttributes = {
					FD50F525196DA6E80028B5A1 = {
						CreatedOnToolsVersion = 6.0;
					};
					FD50F537196DA6E80028B5A1 = {
						CreatedOnToolsVersion = 6.0;
						TestTargetID = FD50F525196DA6E80028B5A1;
					};
				};
			};
			buildConfigurationList = FD50F521196DA6E80028B5A1 /* Build configuration list for PBXProject "TAP" */;
			compatibilityVersion = "Xcode 3.2";
			developmentRegion = English;
			hasScannedForEncodings = 0;
			knownRegions = (
				en,
				Base,
			);
			mainGroup = FD50F51D196DA6E80028B5A1;
			productRefGroup = FD50F527196DA6E80028B5A1 /* Products */;
			projectDirPath = "";
			projectRoot = "";
			targets = (
				FD50F525196DA6E80028B5A1 /* TAP */,
				FD50F537196DA6E80028B5A1 /* TAPTests */,
			);
		};
/* End PBXProject section */

/* Begin PBXResourcesBuildPhase section */
		FD50F524196DA6E80028B5A1 /* Resources */ = {
			isa = PBXResourcesBuildPhase;
			buildActionMask = 2147483647;
			files = (
				FD50F531196DA6E80028B5A1 /* Main.storyboard in Resources */,
				FD50F533196DA6E80028B5A1 /* Images.xcassets in Resources */,
			);
			runOnlyForDeploymentPostprocessing = 0;
		};
		FD50F536196DA6E80028B5A1 /* Resources */ = {
			isa = PBXResourcesBuildPhase;
			buildActionMask = 2147483647;
			files = (
			);
			runOnlyForDeploymentPostprocessing = 0;
		};
/* End PBXResourcesBuildPhase section */

/* Begin PBXSourcesBuildPhase section */
		FD50F522196DA6E80028B5A1 /* Sources */ = {
			isa = PBXSourcesBuildPhase;
			buildActionMask = 2147483647;
			files = (
				FD50F54A196DABD10028B5A1 /* TipCalculatorModel.swift in Sources */,
				FD50F52E196DA6E80028B5A1 /* ViewController.swift in Sources */,
				FD50F52C196DA6E80028B5A1 /* AppDelegate.swift in Sources */,
			);
			runOnlyForDeploymentPostprocessing = 0;
		};
		FD50F534196DA6E80028B5A1 /* Sources */ = {
			isa = PBXSourcesBuildPhase;
			buildActionMask = 2147483647;
			files = (
				FD50F53F196DA6E80028B5A1 /* TAPTests.swift in Sources */,
			);
			runOnlyForDeploymentPostprocessing = 0;
		};
/* End PBXSourcesBuildPhase section */

/* Begin PBXTargetDependency section */
		FD50F53A196DA6E80028B5A1 /* PBXTargetDependency */ = {
			isa = PBXTargetDependency;
			target = FD50F525196DA6E80028B5A1 /* TAP */;
			targetProxy = FD50F539196DA6E80028B5A1 /* PBXContainerItemProxy */;
		};
/* End PBXTargetDependency section */

/* Begin PBXVariantGroup section */
		FD50F52F196DA6E80028B5A1 /* Main.storyboard */ = {
			isa = PBXVariantGroup;
			children = (
				FD50F530196DA6E80028B5A1 /* Base */,
			);
			name = Main.storyboard;
			sourceTree = "<group>";
		};
/* End PBXVariantGroup section */

/* Begin XCBuildConfiguration section */
		FD50F540196DA6E80028B5A1 /* Debug */ = {
			isa = XCBuildConfiguration;
			buildSettings = {
				ALWAYS_SEARCH_USER_PATHS = NO;
				CLANG_CXX_LANGUAGE_STANDARD = "gnu++0x";
				CLANG_CXX_LIBRARY = "libc++";
				CLANG_ENABLE_MODULES = YES;
				CLANG_ENABLE_OBJC_ARC = YES;
				CLANG_WARN_BOOL_CONVERSION = YES;
				CLANG_WARN_CONSTANT_CONVERSION = YES;
				CLANG_WARN_DIRECT_OBJC_ISA_USAGE = YES_ERROR;
				CLANG_WARN_EMPTY_BODY = YES;
				CLANG_WARN_ENUM_CONVERSION = YES;
				CLANG_WARN_INT_CONVERSION = YES;
				CLANG_WARN_OBJC_ROOT_CLASS = YES_ERROR;
				CLANG_WARN_UNREACHABLE_CODE = YES;
				CLANG_WARN__DUPLICATE_METHOD_MATCH = YES;
				"CODE_SIGN_IDENTITY[sdk=iphoneos*]" = "iPhone Developer";
				COPY_PHASE_STRIP = NO;
				ENABLE_STRICT_OBJC_MSGSEND = YES;
				GCC_C_LANGUAGE_STANDARD = gnu99;
				GCC_DYNAMIC_NO_PIC = NO;
				GCC_OPTIMIZATION_LEVEL = 0;
				GCC_PREPROCESSOR_DEFINITIONS = (
					"DEBUG=1",
					"$(inherited)",
				);
				GCC_SYMBOLS_PRIVATE_EXTERN = NO;
				GCC_WARN_64_TO_32_BIT_CONVERSION = YES;
				GCC_WARN_ABOUT_RETURN_TYPE = YES_ERROR;
				GCC_WARN_UNDECLARED_SELECTOR = YES;
				GCC_WARN_UNINITIALIZED_AUTOS = YES_AGGRESSIVE;
				GCC_WARN_UNUSED_FUNCTION = YES;
				GCC_WARN_UNUSED_VARIABLE = YES;
				IPHONEOS_DEPLOYMENT_TARGET = 8.0;
				METAL_ENABLE_DEBUG_INFO = YES;
				ONLY_ACTIVE_ARCH = YES;
				SDKROOT = iphoneos;
				SWIFT_OPTIMIZATION_LEVEL = "-Onone";
			};
			name = Debug;
		};
		FD50F541196DA6E80028B5A1 /* Release */ = {
			isa = XCBuildConfiguration;
			buildSettings = {
				ALWAYS_SEARCH_USER_PATHS = NO;
				CLANG_CXX_LANGUAGE_STANDARD = "gnu++0x";
				CLANG_CXX_LIBRARY = "libc++";
				CLANG_ENABLE_MODULES = YES;
				CLANG_ENABLE_OBJC_ARC = YES;
				CLANG_WARN_BOOL_CONVERSION = YES;
				CLANG_WARN_CONSTANT_CONVERSION = YES;
				CLANG_WARN_DIRECT_OBJC_ISA_USAGE = YES_ERROR;
				CLANG_WARN_EMPTY_BODY = YES;
				CLANG_WARN_ENUM_CONVERSION = YES;
				CLANG_WARN_INT_CONVERSION = YES;
				CLANG_WARN_OBJC_ROOT_CLASS = YES_ERROR;
				CLANG_WARN_UNREACHABLE_CODE = YES;
				CLANG_WARN__DUPLICATE_METHOD_MATCH = YES;
				"CODE_SIGN_IDENTITY[sdk=iphoneos*]" = "iPhone Developer";
				COPY_PHASE_STRIP = YES;
				ENABLE_NS_ASSERTIONS = NO;
				ENABLE_STRICT_OBJC_MSGSEND = YES;
				GCC_C_LANGUAGE_STANDARD = gnu99;
				GCC_WARN_64_TO_32_BIT_CONVERSION = YES;
				GCC_WARN_ABOUT_RETURN_TYPE = YES_ERROR;
				GCC_WARN_UNDECLARED_SELECTOR = YES;
				GCC_WARN_UNINITIALIZED_AUTOS = YES_AGGRESSIVE;
				GCC_WARN_UNUSED_FUNCTION = YES;
				GCC_WARN_UNUSED_VARIABLE = YES;
				IPHONEOS_DEPLOYMENT_TARGET = 8.0;
				METAL_ENABLE_DEBUG_INFO = NO;
				SDKROOT = iphoneos;
				VALIDATE_PRODUCT = YES;
			};
			name = Release;
		};
		FD50F543196DA6E80028B5A1 /* Debug */ = {
			isa = XCBuildConfiguration;
			buildSettings = {
				ASSETCATALOG_COMPILER_APPICON_NAME = AppIcon;
				ASSETCATALOG_COMPILER_LAUNCHIMAGE_NAME = LaunchImage;
				INFOPLIST_FILE = TAP/Info.plist;
				LD_RUNPATH_SEARCH_PATHS = "$(inherited) @executable_path/Frameworks";
				PRODUCT_NAME = "$(TARGET_NAME)";
			};
			name = Debug;
		};
		FD50F544196DA6E80028B5A1 /* Release */ = {
			isa = XCBuildConfiguration;
			buildSettings = {
				ASSETCATALOG_COMPILER_APPICON_NAME = AppIcon;
				ASSETCATALOG_COMPILER_LAUNCHIMAGE_NAME = LaunchImage;
				INFOPLIST_FILE = TAP/Info.plist;
				LD_RUNPATH_SEARCH_PATHS = "$(inherited) @executable_path/Frameworks";
				PRODUCT_NAME = "$(TARGET_NAME)";
			};
			name = Release;
		};
		FD50F546196DA6E80028B5A1 /* Debug */ = {
			isa = XCBuildConfiguration;
			buildSettings = {
				BUNDLE_LOADER = "$(BUILT_PRODUCTS_DIR)/TAP.app/TAP";
				FRAMEWORK_SEARCH_PATHS = (
					"$(SDKROOT)/Developer/Library/Frameworks",
					"$(inherited)",
				);
				GCC_PREPROCESSOR_DEFINITIONS = (
					"DEBUG=1",
					"$(inherited)",
				);
				INFOPLIST_FILE = TAPTests/Info.plist;
				LD_RUNPATH_SEARCH_PATHS = "$(inherited) @executable_path/Frameworks @loader_path/Frameworks";
				METAL_ENABLE_DEBUG_INFO = YES;
				PRODUCT_NAME = "$(TARGET_NAME)";
				TEST_HOST = "$(BUNDLE_LOADER)";
			};
			name = Debug;
		};
		FD50F547196DA6E80028B5A1 /* Release */ = {
			isa = XCBuildConfiguration;
			buildSettings = {
				BUNDLE_LOADER = "$(BUILT_PRODUCTS_DIR)/TAP.app/TAP";
				FRAMEWORK_SEARCH_PATHS = (
					"$(SDKROOT)/Developer/Library/Frameworks",
					"$(inherited)",
				);
				INFOPLIST_FILE = TAPTests/Info.plist;
				LD_RUNPATH_SEARCH_PATHS = "$(inherited) @executable_path/Frameworks @loader_path/Frameworks";
				METAL_ENABLE_DEBUG_INFO = NO;
				PRODUCT_NAME = "$(TARGET_NAME)";
				TEST_HOST = "$(BUNDLE_LOADER)";
			};
			name = Release;
		};
/* End XCBuildConfiguration section */

/* Begin XCConfigurationList section */
		FD50F521196DA6E80028B5A1 /* Build configuration list for PBXProject "TAP" */ = {
			isa = XCConfigurationList;
			buildConfigurations = (
				FD50F540196DA6E80028B5A1 /* Debug */,
				FD50F541196DA6E80028B5A1 /* Release */,
			);
			defaultConfigurationIsVisible = 0;
			defaultConfigurationName = Release;
		};
		FD50F542196DA6E80028B5A1 /* Build configuration list for PBXNativeTarget "TAP" */ = {
			isa = XCConfigurationList;
			buildConfigurations = (
				FD50F543196DA6E80028B5A1 /* Debug */,
				FD50F544196DA6E80028B5A1 /* Release */,
			);
			defaultConfigurationIsVisible = 0;
		};
		FD50F545196DA6E80028B5A1 /* Build configuration list for PBXNativeTarget "TAPTests" */ = {
			isa = XCConfigurationList;
			buildConfigurations = (
				FD50F546196DA6E80028B5A1 /* Debug */,
				FD50F547196DA6E80028B5A1 /* Release */,
			);
			defaultConfigurationIsVisible = 0;
		};
/* End XCConfigurationList section */
	};
	rootObject = FD50F51E196DA6E80028B5A1 /* Project object */;
}
